
Microsoft Visual Studio Solution File, Format Version 12.00
# Visual Studio Version 16
VisualStudioVersion = 16.0.31613.86
MinimumVisualStudioVersion = 10.0.40219.1
Project("{8BC9CEB8-8B4A-11D0-8D11-00A0C91BC942}") = "libssh_wrapper", "libssh_wrapper.vcxproj", "{CA0A8411-DA7C-40A9-85EE-C48606D8642A}"
EndProject
Global
	GlobalSection(SolutionConfigurationPlatforms) = preSolution
		Debug|x64 = Debug|x64
		Debug|x86 = Debug|x86
		Release|x64 = Release|x64
		Release|x86 = Release|x86
	EndGlobalSection
	GlobalSection(ProjectConfigurationPlatforms) = postSolution
		{CA0A8411-DA7C-40A9-85EE-C48606D8642A}.Debug|x64.ActiveCfg = Debug|x64
		{CA0A8411-DA7C-40A9-85EE-C48606D8642A}.Debug|x64.Build.0 = Debug|x64
		{CA0A8411-DA7C-40A9-85EE-C48606D8642A}.Debug|x86.ActiveCfg = Debug|Win32
		{CA0A8411-DA7C-40A9-85EE-C48606D8642A}.Debug|x86.Build.0 = Debug|Win32
		{CA0A8411-DA7C-40A9-85EE-C48606D8642A}.Release|x64.ActiveCfg = Release|x64
		{CA0A8411-DA7C-40A9-85EE-C48606D8642A}.Release|x64.Build.0 = Release|x64
		{CA0A8411-DA7C-40A9-85EE-C48606D8642A}.Release|x86.ActiveCfg = Release|Win32
		{CA0A8411-DA7C-40A9-85EE-C48606D8642A}.Release|x86.Build.0 = Release|Win32
	EndGlobalSection
	GlobalSection(SolutionProperties) = preSolution
		HideSolutionNode = FALSE
	EndGlobalSection
	GlobalSection(ExtensibilityGlobals) = postSolution
		SolutionGuid = {86620D18-3705-46BF-B677-A1F02DD2995A}
	EndGlobalSection
EndGlobal
